
Microsoft Visual Studio Solution File, Format Version 12.00
# Visual Studio 15
VisualStudioVersion = 15.0.28010.2050
MinimumVisualStudioVersion = 10.0.40219.1
Project("{9A19103F-16F7-4668-BE54-9A1E7A4F7556}") = "CRM", "CRM\CRM.csproj", "{4177D1F6-61B7-4DF9-9053-0F19E93707FC}"
EndProject
Project("{2150E333-8FDC-42A3-9474-1A3956D46DE8}") = "Tests", "Tests", "{F8505932-72E2-46B3-82B3-AA85AA44716F}"
EndProject
Project("{9A19103F-16F7-4668-BE54-9A1E7A4F7556}") = "CRM.Data", "..\..\..\Documents\Visual Studio 2017\Projects\CRM\CRM.Data\CRM.Data.csproj", "{FCC8A931-89B5-4DA8-AEAB-2AD759A6B73A}"
EndProject
Project("{9A19103F-16F7-4668-BE54-9A1E7A4F7556}") = "CRM.Tests.General", "CRM.Tests.General\CRM.Tests.General.csproj", "{0AEF562D-C634-42E6-BF67-58C20BE5BC10}"
EndProject
Project("{9A19103F-16F7-4668-BE54-9A1E7A4F7556}") = "CRM.Extensions", "CRM.Extensions\CRM.Extensions.csproj", "{E7C1ABB3-9E2C-4691-B947-1E1514C3FF60}"
EndProject
Project("{FAE04EC0-301F-11D3-BF4B-00C04F79EFBC}") = "CRM.Shared", "CRM.Shared\CRM.Shared.csproj", "{1D3C9BF4-28CE-4252-9FD5-06BE7EB02389}"
EndProject
Global
	GlobalSection(SolutionConfigurationPlatforms) = preSolution
		Debug|Any CPU = Debug|Any CPU
		Release|Any CPU = Release|Any CPU
	EndGlobalSection
	GlobalSection(ProjectConfigurationPlatforms) = postSolution
		{4177D1F6-61B7-4DF9-9053-0F19E93707FC}.Debug|Any CPU.ActiveCfg = Debug|Any CPU
		{4177D1F6-61B7-4DF9-9053-0F19E93707FC}.Debug|Any CPU.Build.0 = Debug|Any CPU
		{4177D1F6-61B7-4DF9-9053-0F19E93707FC}.Release|Any CPU.ActiveCfg = Release|Any CPU
		{4177D1F6-61B7-4DF9-9053-0F19E93707FC}.Release|Any CPU.Build.0 = Release|Any CPU
		{FCC8A931-89B5-4DA8-AEAB-2AD759A6B73A}.Debug|Any CPU.ActiveCfg = Debug|Any CPU
		{FCC8A931-89B5-4DA8-AEAB-2AD759A6B73A}.Debug|Any CPU.Build.0 = Debug|Any CPU
		{FCC8A931-89B5-4DA8-AEAB-2AD759A6B73A}.Release|Any CPU.ActiveCfg = Release|Any CPU
		{FCC8A931-89B5-4DA8-AEAB-2AD759A6B73A}.Release|Any CPU.Build.0 = Release|Any CPU
		{0AEF562D-C634-42E6-BF67-58C20BE5BC10}.Debug|Any CPU.ActiveCfg = Debug|Any CPU
		{0AEF562D-C634-42E6-BF67-58C20BE5BC10}.Debug|Any CPU.Build.0 = Debug|Any CPU
		{0AEF562D-C634-42E6-BF67-58C20BE5BC10}.Release|Any CPU.ActiveCfg = Release|Any CPU
		{0AEF562D-C634-42E6-BF67-58C20BE5BC10}.Release|Any CPU.Build.0 = Release|Any CPU
		{E7C1ABB3-9E2C-4691-B947-1E1514C3FF60}.Debug|Any CPU.ActiveCfg = Debug|Any CPU
		{E7C1ABB3-9E2C-4691-B947-1E1514C3FF60}.Debug|Any CPU.Build.0 = Debug|Any CPU
		{E7C1ABB3-9E2C-4691-B947-1E1514C3FF60}.Release|Any CPU.ActiveCfg = Release|Any CPU
		{E7C1ABB3-9E2C-4691-B947-1E1514C3FF60}.Release|Any CPU.Build.0 = Release|Any CPU
		{1D3C9BF4-28CE-4252-9FD5-06BE7EB02389}.Debug|Any CPU.ActiveCfg = Debug|Any CPU
		{1D3C9BF4-28CE-4252-9FD5-06BE7EB02389}.Debug|Any CPU.Build.0 = Debug|Any CPU
		{1D3C9BF4-28CE-4252-9FD5-06BE7EB02389}.Release|Any CPU.ActiveCfg = Release|Any CPU
		{1D3C9BF4-28CE-4252-9FD5-06BE7EB02389}.Release|Any CPU.Build.0 = Release|Any CPU
	EndGlobalSection
	GlobalSection(SolutionProperties) = preSolution
		HideSolutionNode = FALSE
	EndGlobalSection
	GlobalSection(NestedProjects) = preSolution
		{0AEF562D-C634-42E6-BF67-58C20BE5BC10} = {F8505932-72E2-46B3-82B3-AA85AA44716F}
	EndGlobalSection
	GlobalSection(ExtensibilityGlobals) = postSolution
		SolutionGuid = {729E2A1D-CA2B-40F6-9171-8E8C0F82C5C6}
	EndGlobalSection
EndGlobal
